// !$*UTF8*$!
{
	archiveVersion = 1;
	classes = {
	};
	objectVersion = 50;
	objects = {

/* Begin PBXBuildFile section */
		CE345DE520A499C0000A1EE4 /* MovingTableViewController.swift in Sources */ = {isa = PBXBuildFile; fileRef = CE345DE420A499C0000A1EE4 /* MovingTableViewController.swift */; };
		CE55902D20A2F84C0092E0C0 /* MandoViewController.swift in Sources */ = {isa = PBXBuildFile; fileRef = CE55902C20A2F84C0092E0C0 /* MandoViewController.swift */; };
		CE55902E20A32E280092E0C0 /* Sensor.swift in Sources */ = {isa = PBXBuildFile; fileRef = CEAAEFDE20A2F9CC000FAE77 /* Sensor.swift */; };
		CE55902F20A32E520092E0C0 /* AireAcondicionado.swift in Sources */ = {isa = PBXBuildFile; fileRef = CEAAEFDC20A2F91F000FAE77 /* AireAcondicionado.swift */; };
		CE73847220A5C8FA0062A2C7 /* Tab2ViewController.swift in Sources */ = {isa = PBXBuildFile; fileRef = CE73847120A5C8FA0062A2C7 /* Tab2ViewController.swift */; };
		CEAAEFCA20A2DC35000FAE77 /* AppDelegate.swift in Sources */ = {isa = PBXBuildFile; fileRef = CEAAEFC920A2DC35000FAE77 /* AppDelegate.swift */; };
		CEAAEFCC20A2DC35000FAE77 /* ViewController.swift in Sources */ = {isa = PBXBuildFile; fileRef = CEAAEFCB20A2DC35000FAE77 /* ViewController.swift */; };
		CEAAEFCF20A2DC35000FAE77 /* Main.storyboard in Resources */ = {isa = PBXBuildFile; fileRef = CEAAEFCD20A2DC35000FAE77 /* Main.storyboard */; };
		CEAAEFD120A2DC37000FAE77 /* Assets.xcassets in Resources */ = {isa = PBXBuildFile; fileRef = CEAAEFD020A2DC37000FAE77 /* Assets.xcassets */; };
		CEAAEFD420A2DC37000FAE77 /* LaunchScreen.storyboard in Resources */ = {isa = PBXBuildFile; fileRef = CEAAEFD220A2DC37000FAE77 /* LaunchScreen.storyboard */; };
		CEAAEFE120A3054D000FAE77 /* Temperatura.swift in Sources */ = {isa = PBXBuildFile; fileRef = CEAAEFE020A3054D000FAE77 /* Temperatura.swift */; };
/* End PBXBuildFile section */

/* Begin PBXFileReference section */
		CE345DE420A499C0000A1EE4 /* MovingTableViewController.swift */ = {isa = PBXFileReference; lastKnownFileType = sourcecode.swift; path = MovingTableViewController.swift; sourceTree = "<group>"; };
		CE55902C20A2F84C0092E0C0 /* MandoViewController.swift */ = {isa = PBXFileReference; lastKnownFileType = sourcecode.swift; path = MandoViewController.swift; sourceTree = "<group>"; };
		CE73847120A5C8FA0062A2C7 /* Tab2ViewController.swift */ = {isa = PBXFileReference; lastKnownFileType = sourcecode.swift; path = Tab2ViewController.swift; sourceTree = "<group>"; };
		CEAAEFC620A2DC35000FAE77 /* MandoBootcamp.app */ = {isa = PBXFileReference; explicitFileType = wrapper.application; includeInIndex = 0; path = MandoBootcamp.app; sourceTree = BUILT_PRODUCTS_DIR; };
		CEAAEFC920A2DC35000FAE77 /* AppDelegate.swift */ = {isa = PBXFileReference; lastKnownFileType = sourcecode.swift; path = AppDelegate.swift; sourceTree = "<group>"; };
		CEAAEFCB20A2DC35000FAE77 /* ViewController.swift */ = {isa = PBXFileReference; lastKnownFileType = sourcecode.swift; path = ViewController.swift; sourceTree = "<group>"; };
		CEAAEFCE20A2DC35000FAE77 /* Base */ = {isa = PBXFileReference; lastKnownFileType = file.storyboard; name = Base; path = Base.lproj/Main.storyboard; sourceTree = "<group>"; };
		CEAAEFD020A2DC37000FAE77 /* Assets.xcassets */ = {isa = PBXFileReference; lastKnownFileType = folder.assetcatalog; path = Assets.xcassets; sourceTree = "<group>"; };
		CEAAEFD320A2DC37000FAE77 /* Base */ = {isa = PBXFileReference; lastKnownFileType = file.storyboard; name = Base; path = Base.lproj/LaunchScreen.storyboard; sourceTree = "<group>"; };
		CEAAEFD520A2DC37000FAE77 /* Info.plist */ = {isa = PBXFileReference; lastKnownFileType = text.plist.xml; path = Info.plist; sourceTree = "<group>"; };
		CEAAEFDC20A2F91F000FAE77 /* AireAcondicionado.swift */ = {isa = PBXFileReference; lastKnownFileType = sourcecode.swift; path = AireAcondicionado.swift; sourceTree = "<group>"; };
		CEAAEFDE20A2F9CC000FAE77 /* Sensor.swift */ = {isa = PBXFileReference; lastKnownFileType = sourcecode.swift; path = Sensor.swift; sourceTree = "<group>"; };
		CEAAEFE020A3054D000FAE77 /* Temperatura.swift */ = {isa = PBXFileReference; lastKnownFileType = sourcecode.swift; path = Temperatura.swift; sourceTree = "<group>"; };
/* End PBXFileReference section */

/* Begin PBXFrameworksBuildPhase section */
		CEAAEFC320A2DC35000FAE77 /* Frameworks */ = {
			isa = PBXFrameworksBuildPhase;
			buildActionMask = 2147483647;
			files = (
			);
			runOnlyForDeploymentPostprocessing = 0;
		};
/* End PBXFrameworksBuildPhase section */

/* Begin PBXGroup section */
		CEAAEFBD20A2DC35000FAE77 = {
			isa = PBXGroup;
			children = (
				CEAAEFC820A2DC35000FAE77 /* MandoBootcamp */,
				CEAAEFC720A2DC35000FAE77 /* Products */,
			);
			sourceTree = "<group>";
		};
		CEAAEFC720A2DC35000FAE77 /* Products */ = {
			isa = PBXGroup;
			children = (
				CEAAEFC620A2DC35000FAE77 /* MandoBootcamp.app */,
			);
			name = Products;
			sourceTree = "<group>";
		};
		CEAAEFC820A2DC35000FAE77 /* MandoBootcamp */ = {
			isa = PBXGroup;
			children = (
				CEAAEFDB20A2F8D8000FAE77 /* entities */,
				CEAAEFC920A2DC35000FAE77 /* AppDelegate.swift */,
				CEAAEFCB20A2DC35000FAE77 /* ViewController.swift */,
				CEAAEFCD20A2DC35000FAE77 /* Main.storyboard */,
				CEAAEFD020A2DC37000FAE77 /* Assets.xcassets */,
				CEAAEFD220A2DC37000FAE77 /* LaunchScreen.storyboard */,
				CEAAEFD520A2DC37000FAE77 /* Info.plist */,
				CE55902C20A2F84C0092E0C0 /* MandoViewController.swift */,
				CE345DE420A499C0000A1EE4 /* MovingTableViewController.swift */,
				CE73847120A5C8FA0062A2C7 /* Tab2ViewController.swift */,
			);
			path = MandoBootcamp;
			sourceTree = "<group>";
		};
		CEAAEFDB20A2F8D8000FAE77 /* entities */ = {
			isa = PBXGroup;
			children = (
				CEAAEFDC20A2F91F000FAE77 /* AireAcondicionado.swift */,
				CEAAEFDE20A2F9CC000FAE77 /* Sensor.swift */,
				CEAAEFE020A3054D000FAE77 /* Temperatura.swift */,
			);
			path = entities;
			sourceTree = "<group>";
		};
/* End PBXGroup section */

/* Begin PBXNativeTarget section */
		CEAAEFC520A2DC35000FAE77 /* MandoBootcamp */ = {
			isa = PBXNativeTarget;
			buildConfigurationList = CEAAEFD820A2DC37000FAE77 /* Build configuration list for PBXNativeTarget "MandoBootcamp" */;
			buildPhases = (
				CEAAEFC220A2DC35000FAE77 /* Sources */,
				CEAAEFC320A2DC35000FAE77 /* Frameworks */,
				CEAAEFC420A2DC35000FAE77 /* Resources */,
			);
			buildRules = (
			);
			dependencies = (
			);
			name = MandoBootcamp;
			productName = MandoBootcamp;
			productReference = CEAAEFC620A2DC35000FAE77 /* MandoBootcamp.app */;
			productType = "com.apple.product-type.application";
		};
/* End PBXNativeTarget section */

/* Begin PBXProject section */
		CEAAEFBE20A2DC35000FAE77 /* Project object */ = {
			isa = PBXProject;
			attributes = {
				LastSwiftUpdateCheck = 0930;
				LastUpgradeCheck = 0930;
				ORGANIZATIONNAME = "Mar Balibrea Rull";
				TargetAttributes = {
					CEAAEFC520A2DC35000FAE77 = {
						CreatedOnToolsVersion = 9.3;
					};
				};
			};
			buildConfigurationList = CEAAEFC120A2DC35000FAE77 /* Build configuration list for PBXProject "MandoBootcamp" */;
			compatibilityVersion = "Xcode 9.3";
			developmentRegion = en;
			hasScannedForEncodings = 0;
			knownRegions = (
				en,
				Base,
			);
			mainGroup = CEAAEFBD20A2DC35000FAE77;
			productRefGroup = CEAAEFC720A2DC35000FAE77 /* Products */;
			projectDirPath = "";
			projectRoot = "";
			targets = (
				CEAAEFC520A2DC35000FAE77 /* MandoBootcamp */,
			);
		};
/* End PBXProject section */

/* Begin PBXResourcesBuildPhase section */
		CEAAEFC420A2DC35000FAE77 /* Resources */ = {
			isa = PBXResourcesBuildPhase;
			buildActionMask = 2147483647;
			files = (
				CEAAEFD420A2DC37000FAE77 /* LaunchScreen.storyboard in Resources */,
				CEAAEFD120A2DC37000FAE77 /* Assets.xcassets in Resources */,
				CEAAEFCF20A2DC35000FAE77 /* Main.storyboard in Resources */,
			);
			runOnlyForDeploymentPostprocessing = 0;
		};
/* End PBXResourcesBuildPhase section */

/* Begin PBXSourcesBuildPhase section */
		CEAAEFC220A2DC35000FAE77 /* Sources */ = {
			isa = PBXSourcesBuildPhase;
			buildActionMask = 2147483647;
			files = (
				CE55902F20A32E520092E0C0 /* AireAcondicionado.swift in Sources */,
				CE55902D20A2F84C0092E0C0 /* MandoViewController.swift in Sources */,
				CE55902E20A32E280092E0C0 /* Sensor.swift in Sources */,
				CE73847220A5C8FA0062A2C7 /* Tab2ViewController.swift in Sources */,
				CEAAEFCC20A2DC35000FAE77 /* ViewController.swift in Sources */,
				CE345DE520A499C0000A1EE4 /* MovingTableViewController.swift in Sources */,
				CEAAEFE120A3054D000FAE77 /* Temperatura.swift in Sources */,
				CEAAEFCA20A2DC35000FAE77 /* AppDelegate.swift in Sources */,
			);
			runOnlyForDeploymentPostprocessing = 0;
		};
/* End PBXSourcesBuildPhase section */

/* Begin PBXVariantGroup section */
		CEAAEFCD20A2DC35000FAE77 /* Main.storyboard */ = {
			isa = PBXVariantGroup;
			children = (
				CEAAEFCE20A2DC35000FAE77 /* Base */,
			);
			name = Main.storyboard;
			sourceTree = "<group>";
		};
		CEAAEFD220A2DC37000FAE77 /* LaunchScreen.storyboard */ = {
			isa = PBXVariantGroup;
			children = (
				CEAAEFD320A2DC37000FAE77 /* Base */,
			);
			name = LaunchScreen.storyboard;
			sourceTree = "<group>";
		};
/* End PBXVariantGroup section */

/* Begin XCBuildConfiguration section */
		CEAAEFD620A2DC37000FAE77 /* Debug */ = {
			isa = XCBuildConfiguration;
			buildSettings = {
				ALWAYS_SEARCH_USER_PATHS = NO;
				CLANG_ANALYZER_NONNULL = YES;
				CLANG_ANALYZER_NUMBER_OBJECT_CONVERSION = YES_AGGRESSIVE;
				CLANG_CXX_LANGUAGE_STANDARD = "gnu++14";
				CLANG_CXX_LIBRARY = "libc++";
				CLANG_ENABLE_MODULES = YES;
				CLANG_ENABLE_OBJC_ARC = YES;
				CLANG_ENABLE_OBJC_WEAK = YES;
				CLANG_WARN_BLOCK_CAPTURE_AUTORELEASING = YES;
				CLANG_WARN_BOOL_CONVERSION = YES;
				CLANG_WARN_COMMA = YES;
				CLANG_WARN_CONSTANT_CONVERSION = YES;
				CLANG_WARN_DEPRECATED_OBJC_IMPLEMENTATIONS = YES;
				CLANG_WARN_DIRECT_OBJC_ISA_USAGE = YES_ERROR;
				CLANG_WARN_DOCUMENTATION_COMMENTS = YES;
				CLANG_WARN_EMPTY_BODY = YES;
				CLANG_WARN_ENUM_CONVERSION = YES;
				CLANG_WARN_INFINITE_RECURSION = YES;
				CLANG_WARN_INT_CONVERSION = YES;
				CLANG_WARN_NON_LITERAL_NULL_CONVERSION = YES;
				CLANG_WARN_OBJC_IMPLICIT_RETAIN_SELF = YES;
				CLANG_WARN_OBJC_LITERAL_CONVERSION = YES;
				CLANG_WARN_OBJC_ROOT_CLASS = YES_ERROR;
				CLANG_WARN_RANGE_LOOP_ANALYSIS = YES;
				CLANG_WARN_STRICT_PROTOTYPES = YES;
				CLANG_WARN_SUSPICIOUS_MOVE = YES;
				CLANG_WARN_UNGUARDED_AVAILABILITY = YES_AGGRESSIVE;
				CLANG_WARN_UNREACHABLE_CODE = YES;
				CLANG_WARN__DUPLICATE_METHOD_MATCH = YES;
				CODE_SIGN_IDENTITY = "iPhone Developer";
				COPY_PHASE_STRIP = NO;
				DEBUG_INFORMATION_FORMAT = dwarf;
				ENABLE_STRICT_OBJC_MSGSEND = YES;
				ENABLE_TESTABILITY = YES;
				GCC_C_LANGUAGE_STANDARD = gnu11;
				GCC_DYNAMIC_NO_PIC = NO;
				GCC_NO_COMMON_BLOCKS = YES;
				GCC_OPTIMIZATION_LEVEL = 0;
				GCC_PREPROCESSOR_DEFINITIONS = (
					"DEBUG=1",
					"$(inherited)",
				);
				GCC_WARN_64_TO_32_BIT_CONVERSION = YES;
				GCC_WARN_ABOUT_RETURN_TYPE = YES_ERROR;
				GCC_WARN_UNDECLARED_SELECTOR = YES;
				GCC_WARN_UNINITIALIZED_AUTOS = YES_AGGRESSIVE;
				GCC_WARN_UNUSED_FUNCTION = YES;
				GCC_WARN_UNUSED_VARIABLE = YES;
				IPHONEOS_DEPLOYMENT_TARGET = 11.3;
				MTL_ENABLE_DEBUG_INFO = YES;
				ONLY_ACTIVE_ARCH = YES;
				SDKROOT = iphoneos;
				SWIFT_ACTIVE_COMPILATION_CONDITIONS = DEBUG;
				SWIFT_OPTIMIZATION_LEVEL = "-Onone";
			};
			name = Debug;
		};
		CEAAEFD720A2DC37000FAE77 /* Release */ = {
			isa = XCBuildConfiguration;
			buildSettings = {
				ALWAYS_SEARCH_USER_PATHS = NO;
				CLANG_ANALYZER_NONNULL = YES;
				CLANG_ANALYZER_NUMBER_OBJECT_CONVERSION = YES_AGGRESSIVE;
				CLANG_CXX_LANGUAGE_STANDARD = "gnu++14";
				CLANG_CXX_LIBRARY = "libc++";
				CLANG_ENABLE_MODULES = YES;
				CLANG_ENABLE_OBJC_ARC = YES;
				CLANG_ENABLE_OBJC_WEAK = YES;
				CLANG_WARN_BLOCK_CAPTURE_AUTORELEASING = YES;
				CLANG_WARN_BOOL_CONVERSION = YES;
				CLANG_WARN_COMMA = YES;
				CLANG_WARN_CONSTANT_CONVERSION = YES;
				CLANG_WARN_DEPRECATED_OBJC_IMPLEMENTATIONS = YES;
				CLANG_WARN_DIRECT_OBJC_ISA_USAGE = YES_ERROR;
				CLANG_WARN_DOCUMENTATION_COMMENTS = YES;
				CLANG_WARN_EMPTY_BODY = YES;
				CLANG_WARN_ENUM_CONVERSION = YES;
				CLANG_WARN_INFINITE_RECURSION = YES;
				CLANG_WARN_INT_CONVERSION = YES;
				CLANG_WARN_NON_LITERAL_NULL_CONVERSION = YES;
				CLANG_WARN_OBJC_IMPLICIT_RETAIN_SELF = YES;
				CLANG_WARN_OBJC_LITERAL_CONVERSION = YES;
				CLANG_WARN_OBJC_ROOT_CLASS = YES_ERROR;
				CLANG_WARN_RANGE_LOOP_ANALYSIS = YES;
				CLANG_WARN_STRICT_PROTOTYPES = YES;
				CLANG_WARN_SUSPICIOUS_MOVE = YES;
				CLANG_WARN_UNGUARDED_AVAILABILITY = YES_AGGRESSIVE;
				CLANG_WARN_UNREACHABLE_CODE = YES;
				CLANG_WARN__DUPLICATE_METHOD_MATCH = YES;
				CODE_SIGN_IDENTITY = "iPhone Developer";
				COPY_PHASE_STRIP = NO;
				DEBUG_INFORMATION_FORMAT = "dwarf-with-dsym";
				ENABLE_NS_ASSERTIONS = NO;
				ENABLE_STRICT_OBJC_MSGSEND = YES;
				GCC_C_LANGUAGE_STANDARD = gnu11;
				GCC_NO_COMMON_BLOCKS = YES;
				GCC_WARN_64_TO_32_BIT_CONVERSION = YES;
				GCC_WARN_ABOUT_RETURN_TYPE = YES_ERROR;
				GCC_WARN_UNDECLARED_SELECTOR = YES;
				GCC_WARN_UNINITIALIZED_AUTOS = YES_AGGRESSIVE;
				GCC_WARN_UNUSED_FUNCTION = YES;
				GCC_WARN_UNUSED_VARIABLE = YES;
				IPHONEOS_DEPLOYMENT_TARGET = 11.3;
				MTL_ENABLE_DEBUG_INFO = NO;
				SDKROOT = iphoneos;
				SWIFT_COMPILATION_MODE = wholemodule;
				SWIFT_OPTIMIZATION_LEVEL = "-O";
				VALIDATE_PRODUCT = YES;
			};
			name = Release;
		};
		CEAAEFD920A2DC37000FAE77 /* Debug */ = {
			isa = XCBuildConfiguration;
			buildSettings = {
				ASSETCATALOG_COMPILER_APPICON_NAME = AppIcon;
				CODE_SIGN_STYLE = Automatic;
				DEVELOPMENT_TEAM = 82LG7YU3JF;
				INFOPLIST_FILE = MandoBootcamp/Info.plist;
				LD_RUNPATH_SEARCH_PATHS = (
					"$(inherited)",
					"@executable_path/Frameworks",
				);
				PRODUCT_BUNDLE_IDENTIFIER = es.mar.MandoBootcamp;
				PRODUCT_NAME = "$(TARGET_NAME)";
				SWIFT_VERSION = 4.0;
				TARGETED_DEVICE_FAMILY = "1,2";
			};
			name = Debug;
		};
		CEAAEFDA20A2DC37000FAE77 /* Release */ = {
			isa = XCBuildConfiguration;
			buildSettings = {
				ASSETCATALOG_COMPILER_APPICON_NAME = AppIcon;
				CODE_SIGN_STYLE = Automatic;
				DEVELOPMENT_TEAM = 82LG7YU3JF;
				INFOPLIST_FILE = MandoBootcamp/Info.plist;
				LD_RUNPATH_SEARCH_PATHS = (
					"$(inherited)",
					"@executable_path/Frameworks",
				);
				PRODUCT_BUNDLE_IDENTIFIER = es.mar.MandoBootcamp;
				PRODUCT_NAME = "$(TARGET_NAME)";
				SWIFT_VERSION = 4.0;
				TARGETED_DEVICE_FAMILY = "1,2";
			};
			name = Release;
		};
/* End XCBuildConfiguration section */

/* Begin XCConfigurationList section */
		CEAAEFC120A2DC35000FAE77 /* Build configuration list for PBXProject "MandoBootcamp" */ = {
			isa = XCConfigurationList;
			buildConfigurations = (
				CEAAEFD620A2DC37000FAE77 /* Debug */,
				CEAAEFD720A2DC37000FAE77 /* Release */,
			);
			defaultConfigurationIsVisible = 0;
			defaultConfigurationName = Release;
		};
		CEAAEFD820A2DC37000FAE77 /* Build configuration list for PBXNativeTarget "MandoBootcamp" */ = {
			isa = XCConfigurationList;
			buildConfigurations = (
				CEAAEFD920A2DC37000FAE77 /* Debug */,
				CEAAEFDA20A2DC37000FAE77 /* Release */,
			);
			defaultConfigurationIsVisible = 0;
			defaultConfigurationName = Release;
		};
/* End XCConfigurationList section */
	};
	rootObject = CEAAEFBE20A2DC35000FAE77 /* Project object */;
}
